// !$*UTF8*$!
{
	archiveVersion = 1;
	classes = {
	};
	objectVersion = 55;
	objects = {

/* Begin PBXBuildFile section */
		C1825C9327ECB3F800A72B95 /* TimerForestApp.swift in Sources */ = {isa = PBXBuildFile; fileRef = C1825C9227ECB3F800A72B95 /* TimerForestApp.swift */; };
		C1825C9527ECB3F800A72B95 /* ContentView.swift in Sources */ = {isa = PBXBuildFile; fileRef = C1825C9427ECB3F800A72B95 /* ContentView.swift */; };
		C1825C9727ECB3FA00A72B95 /* Assets.xcassets in Resources */ = {isa = PBXBuildFile; fileRef = C1825C9627ECB3FA00A72B95 /* Assets.xcassets */; };
		C1825C9A27ECB3FA00A72B95 /* Preview Assets.xcassets in Resources */ = {isa = PBXBuildFile; fileRef = C1825C9927ECB3FA00A72B95 /* Preview Assets.xcassets */; };
		C1825CA427ECB3FA00A72B95 /* TimerForestTests.swift in Sources */ = {isa = PBXBuildFile; fileRef = C1825CA327ECB3FA00A72B95 /* TimerForestTests.swift */; };
		C1825CAE27ECB3FA00A72B95 /* TimerForestUITests.swift in Sources */ = {isa = PBXBuildFile; fileRef = C1825CAD27ECB3FA00A72B95 /* TimerForestUITests.swift */; };
		C1825CB027ECB3FA00A72B95 /* TimerForestUITestsLaunchTests.swift in Sources */ = {isa = PBXBuildFile; fileRef = C1825CAF27ECB3FA00A72B95 /* TimerForestUITestsLaunchTests.swift */; };
/* End PBXBuildFile section */

/* Begin PBXContainerItemProxy section */
		C1825CA027ECB3FA00A72B95 /* PBXContainerItemProxy */ = {
			isa = PBXContainerItemProxy;
			containerPortal = C1825C8727ECB3F800A72B95 /* Project object */;
			proxyType = 1;
			remoteGlobalIDString = C1825C8E27ECB3F800A72B95;
			remoteInfo = TimerForest;
		};
		C1825CAA27ECB3FA00A72B95 /* PBXContainerItemProxy */ = {
			isa = PBXContainerItemProxy;
			containerPortal = C1825C8727ECB3F800A72B95 /* Project object */;
			proxyType = 1;
			remoteGlobalIDString = C1825C8E27ECB3F800A72B95;
			remoteInfo = TimerForest;
		};
/* End PBXContainerItemProxy section */

/* Begin PBXFileReference section */
		C10C5E4027EF07FE00084952 /* Info.plist */ = {isa = PBXFileReference; lastKnownFileType = text.plist; path = Info.plist; sourceTree = "<group>"; };
		C1825C8F27ECB3F800A72B95 /* TimerForest.app */ = {isa = PBXFileReference; explicitFileType = wrapper.application; includeInIndex = 0; path = TimerForest.app; sourceTree = BUILT_PRODUCTS_DIR; };
		C1825C9227ECB3F800A72B95 /* TimerForestApp.swift */ = {isa = PBXFileReference; lastKnownFileType = sourcecode.swift; path = TimerForestApp.swift; sourceTree = "<group>"; };
		C1825C9427ECB3F800A72B95 /* ContentView.swift */ = {isa = PBXFileReference; lastKnownFileType = sourcecode.swift; path = ContentView.swift; sourceTree = "<group>"; };
		C1825C9627ECB3FA00A72B95 /* Assets.xcassets */ = {isa = PBXFileReference; lastKnownFileType = folder.assetcatalog; path = Assets.xcassets; sourceTree = "<group>"; };
		C1825C9927ECB3FA00A72B95 /* Preview Assets.xcassets */ = {isa = PBXFileReference; lastKnownFileType = folder.assetcatalog; path = "Preview Assets.xcassets"; sourceTree = "<group>"; };
		C1825C9F27ECB3FA00A72B95 /* TimerForestTests.xctest */ = {isa = PBXFileReference; explicitFileType = wrapper.cfbundle; includeInIndex = 0; path = TimerForestTests.xctest; sourceTree = BUILT_PRODUCTS_DIR; };
		C1825CA327ECB3FA00A72B95 /* TimerForestTests.swift */ = {isa = PBXFileReference; lastKnownFileType = sourcecode.swift; path = TimerForestTests.swift; sourceTree = "<group>"; };
		C1825CA927ECB3FA00A72B95 /* TimerForestUITests.xctest */ = {isa = PBXFileReference; explicitFileType = wrapper.cfbundle; includeInIndex = 0; path = TimerForestUITests.xctest; sourceTree = BUILT_PRODUCTS_DIR; };
		C1825CAD27ECB3FA00A72B95 /* TimerForestUITests.swift */ = {isa = PBXFileReference; lastKnownFileType = sourcecode.swift; path = TimerForestUITests.swift; sourceTree = "<group>"; };
		C1825CAF27ECB3FA00A72B95 /* TimerForestUITestsLaunchTests.swift */ = {isa = PBXFileReference; lastKnownFileType = sourcecode.swift; path = TimerForestUITestsLaunchTests.swift; sourceTree = "<group>"; };
/* End PBXFileReference section */

/* Begin PBXFrameworksBuildPhase section */
		C1825C8C27ECB3F800A72B95 /* Frameworks */ = {
			isa = PBXFrameworksBuildPhase;
			buildActionMask = 2147483647;
			files = (
			);
			runOnlyForDeploymentPostprocessing = 0;
		};
		C1825C9C27ECB3FA00A72B95 /* Frameworks */ = {
			isa = PBXFrameworksBuildPhase;
			buildActionMask = 2147483647;
			files = (
			);
			runOnlyForDeploymentPostprocessing = 0;
		};
		C1825CA627ECB3FA00A72B95 /* Frameworks */ = {
			isa = PBXFrameworksBuildPhase;
			buildActionMask = 2147483647;
			files = (
			);
			runOnlyForDeploymentPostprocessing = 0;
		};
/* End PBXFrameworksBuildPhase section */

/* Begin PBXGroup section */
		C1825C8627ECB3F800A72B95 = {
			isa = PBXGroup;
			children = (
				C1825C9127ECB3F800A72B95 /* TimerForest */,
				C1825CA227ECB3FA00A72B95 /* TimerForestTests */,
				C1825CAC27ECB3FA00A72B95 /* TimerForestUITests */,
				C1825C9027ECB3F800A72B95 /* Products */,
			);
			sourceTree = "<group>";
		};
		C1825C9027ECB3F800A72B95 /* Products */ = {
			isa = PBXGroup;
			children = (
				C1825C8F27ECB3F800A72B95 /* TimerForest.app */,
				C1825C9F27ECB3FA00A72B95 /* TimerForestTests.xctest */,
				C1825CA927ECB3FA00A72B95 /* TimerForestUITests.xctest */,
			);
			name = Products;
			sourceTree = "<group>";
		};
		C1825C9127ECB3F800A72B95 /* TimerForest */ = {
			isa = PBXGroup;
			children = (
				C10C5E4027EF07FE00084952 /* Info.plist */,
				C1825C9227ECB3F800A72B95 /* TimerForestApp.swift */,
				C1825C9427ECB3F800A72B95 /* ContentView.swift */,
				C1825C9627ECB3FA00A72B95 /* Assets.xcassets */,
				C1825C9827ECB3FA00A72B95 /* Preview Content */,
			);
			path = TimerForest;
			sourceTree = "<group>";
		};
		C1825C9827ECB3FA00A72B95 /* Preview Content */ = {
			isa = PBXGroup;
			children = (
				C1825C9927ECB3FA00A72B95 /* Preview Assets.xcassets */,
			);
			path = "Preview Content";
			sourceTree = "<group>";
		};
		C1825CA227ECB3FA00A72B95 /* TimerForestTests */ = {
			isa = PBXGroup;
			children = (
				C1825CA327ECB3FA00A72B95 /* TimerForestTests.swift */,
			);
			path = TimerForestTests;
			sourceTree = "<group>";
		};
		C1825CAC27ECB3FA00A72B95 /* TimerForestUITests */ = {
			isa = PBXGroup;
			children = (
				C1825CAD27ECB3FA00A72B95 /* TimerForestUITests.swift */,
				C1825CAF27ECB3FA00A72B95 /* TimerForestUITestsLaunchTests.swift */,
			);
			path = TimerForestUITests;
			sourceTree = "<group>";
		};
/* End PBXGroup section */

/* Begin PBXNativeTarget section */
		C1825C8E27ECB3F800A72B95 /* TimerForest */ = {
			isa = PBXNativeTarget;
			buildConfigurationList = C1825CB327ECB3FA00A72B95 /* Build configuration list for PBXNativeTarget "TimerForest" */;
			buildPhases = (
				C1825C8B27ECB3F800A72B95 /* Sources */,
				C1825C8C27ECB3F800A72B95 /* Frameworks */,
				C1825C8D27ECB3F800A72B95 /* Resources */,
			);
			buildRules = (
			);
			dependencies = (
			);
			name = TimerForest;
			productName = TimerForest;
			productReference = C1825C8F27ECB3F800A72B95 /* TimerForest.app */;
			productType = "com.apple.product-type.application";
		};
		C1825C9E27ECB3FA00A72B95 /* TimerForestTests */ = {
			isa = PBXNativeTarget;
			buildConfigurationList = C1825CB627ECB3FA00A72B95 /* Build configuration list for PBXNativeTarget "TimerForestTests" */;
			buildPhases = (
				C1825C9B27ECB3FA00A72B95 /* Sources */,
				C1825C9C27ECB3FA00A72B95 /* Frameworks */,
				C1825C9D27ECB3FA00A72B95 /* Resources */,
			);
			buildRules = (
			);
			dependencies = (
				C1825CA127ECB3FA00A72B95 /* PBXTargetDependency */,
			);
			name = TimerForestTests;
			productName = TimerForestTests;
			productReference = C1825C9F27ECB3FA00A72B95 /* TimerForestTests.xctest */;
			productType = "com.apple.product-type.bundle.unit-test";
		};
		C1825CA827ECB3FA00A72B95 /* TimerForestUITests */ = {
			isa = PBXNativeTarget;
			buildConfigurationList = C1825CB927ECB3FA00A72B95 /* Build configuration list for PBXNativeTarget "TimerForestUITests" */;
			buildPhases = (
				C1825CA527ECB3FA00A72B95 /* Sources */,
				C1825CA627ECB3FA00A72B95 /* Frameworks */,
				C1825CA727ECB3FA00A72B95 /* Resources */,
			);
			buildRules = (
			);
			dependencies = (
				C1825CAB27ECB3FA00A72B95 /* PBXTargetDependency */,
			);
			name = TimerForestUITests;
			productName = TimerForestUITests;
			productReference = C1825CA927ECB3FA00A72B95 /* TimerForestUITests.xctest */;
			productType = "com.apple.product-type.bundle.ui-testing";
		};
/* End PBXNativeTarget section */

/* Begin PBXProject section */
		C1825C8727ECB3F800A72B95 /* Project object */ = {
			isa = PBXProject;
			attributes = {
				BuildIndependentTargetsInParallel = 1;
				LastSwiftUpdateCheck = 1320;
				LastUpgradeCheck = 1320;
				TargetAttributes = {
					C1825C8E27ECB3F800A72B95 = {
						CreatedOnToolsVersion = 13.2.1;
					};
					C1825C9E27ECB3FA00A72B95 = {
						CreatedOnToolsVersion = 13.2.1;
						TestTargetID = C1825C8E27ECB3F800A72B95;
					};
					C1825CA827ECB3FA00A72B95 = {
						CreatedOnToolsVersion = 13.2.1;
						TestTargetID = C1825C8E27ECB3F800A72B95;
					};
				};
			};
			buildConfigurationList = C1825C8A27ECB3F800A72B95 /* Build configuration list for PBXProject "TimerForest" */;
			compatibilityVersion = "Xcode 13.0";
			developmentRegion = en;
			hasScannedForEncodings = 0;
			knownRegions = (
				en,
				Base,
			);
			mainGroup = C1825C8627ECB3F800A72B95;
			productRefGroup = C1825C9027ECB3F800A72B95 /* Products */;
			projectDirPath = "";
			projectRoot = "";
			targets = (
				C1825C8E27ECB3F800A72B95 /* TimerForest */,
				C1825C9E27ECB3FA00A72B95 /* TimerForestTests */,
				C1825CA827ECB3FA00A72B95 /* TimerForestUITests */,
			);
		};
/* End PBXProject section */

/* Begin PBXResourcesBuildPhase section */
		C1825C8D27ECB3F800A72B95 /* Resources */ = {
			isa = PBXResourcesBuildPhase;
			buildActionMask = 2147483647;
			files = (
				C1825C9A27ECB3FA00A72B95 /* Preview Assets.xcassets in Resources */,
				C1825C9727ECB3FA00A72B95 /* Assets.xcassets in Resources */,
			);
			runOnlyForDeploymentPostprocessing = 0;
		};
		C1825C9D27ECB3FA00A72B95 /* Resources */ = {
			isa = PBXResourcesBuildPhase;
			buildActionMask = 2147483647;
			files = (
			);
			runOnlyForDeploymentPostprocessing = 0;
		};
		C1825CA727ECB3FA00A72B95 /* Resources */ = {
			isa = PBXResourcesBuildPhase;
			buildActionMask = 2147483647;
			files = (
			);
			runOnlyForDeploymentPostprocessing = 0;
		};
/* End PBXResourcesBuildPhase section */

/* Begin PBXSourcesBuildPhase section */
		C1825C8B27ECB3F800A72B95 /* Sources */ = {
			isa = PBXSourcesBuildPhase;
			buildActionMask = 2147483647;
			files = (
				C1825C9527ECB3F800A72B95 /* ContentView.swift in Sources */,
				C1825C9327ECB3F800A72B95 /* TimerForestApp.swift in Sources */,
			);
			runOnlyForDeploymentPostprocessing = 0;
		};
		C1825C9B27ECB3FA00A72B95 /* Sources */ = {
			isa = PBXSourcesBuildPhase;
			buildActionMask = 2147483647;
			files = (
				C1825CA427ECB3FA00A72B95 /* TimerForestTests.swift in Sources */,
			);
			runOnlyForDeploymentPostprocessing = 0;
		};
		C1825CA527ECB3FA00A72B95 /* Sources */ = {
			isa = PBXSourcesBuildPhase;
			buildActionMask = 2147483647;
			files = (
				C1825CAE27ECB3FA00A72B95 /* TimerForestUITests.swift in Sources */,
				C1825CB027ECB3FA00A72B95 /* TimerForestUITestsLaunchTests.swift in Sources */,
			);
			runOnlyForDeploymentPostprocessing = 0;
		};
/* End PBXSourcesBuildPhase section */

/* Begin PBXTargetDependency section */
		C1825CA127ECB3FA00A72B95 /* PBXTargetDependency */ = {
			isa = PBXTargetDependency;
			target = C1825C8E27ECB3F800A72B95 /* TimerForest */;
			targetProxy = C1825CA027ECB3FA00A72B95 /* PBXContainerItemProxy */;
		};
		C1825CAB27ECB3FA00A72B95 /* PBXTargetDependency */ = {
			isa = PBXTargetDependency;
			target = C1825C8E27ECB3F800A72B95 /* TimerForest */;
			targetProxy = C1825CAA27ECB3FA00A72B95 /* PBXContainerItemProxy */;
		};
/* End PBXTargetDependency section */

/* Begin XCBuildConfiguration section */
		C1825CB127ECB3FA00A72B95 /* Debug */ = {
			isa = XCBuildConfiguration;
			buildSettings = {
				ALWAYS_SEARCH_USER_PATHS = NO;
				CLANG_ANALYZER_NONNULL = YES;
				CLANG_ANALYZER_NUMBER_OBJECT_CONVERSION = YES_AGGRESSIVE;
				CLANG_CXX_LANGUAGE_STANDARD = "gnu++17";
				CLANG_CXX_LIBRARY = "libc++";
				CLANG_ENABLE_MODULES = YES;
				CLANG_ENABLE_OBJC_ARC = YES;
				CLANG_ENABLE_OBJC_WEAK = YES;
				CLANG_WARN_BLOCK_CAPTURE_AUTORELEASING = YES;
				CLANG_WARN_BOOL_CONVERSION = YES;
				CLANG_WARN_COMMA = YES;
				CLANG_WARN_CONSTANT_CONVERSION = YES;
				CLANG_WARN_DEPRECATED_OBJC_IMPLEMENTATIONS = YES;
				CLANG_WARN_DIRECT_OBJC_ISA_USAGE = YES_ERROR;
				CLANG_WARN_DOCUMENTATION_COMMENTS = YES;
				CLANG_WARN_EMPTY_BODY = YES;
				CLANG_WARN_ENUM_CONVERSION = YES;
				CLANG_WARN_INFINITE_RECURSION = YES;
				CLANG_WARN_INT_CONVERSION = YES;
				CLANG_WARN_NON_LITERAL_NULL_CONVERSION = YES;
				CLANG_WARN_OBJC_IMPLICIT_RETAIN_SELF = YES;
				CLANG_WARN_OBJC_LITERAL_CONVERSION = YES;
				CLANG_WARN_OBJC_ROOT_CLASS = YES_ERROR;
				CLANG_WARN_QUOTED_INCLUDE_IN_FRAMEWORK_HEADER = YES;
				CLANG_WARN_RANGE_LOOP_ANALYSIS = YES;
				CLANG_WARN_STRICT_PROTOTYPES = YES;
				CLANG_WARN_SUSPICIOUS_MOVE = YES;
				CLANG_WARN_UNGUARDED_AVAILABILITY = YES_AGGRESSIVE;
				CLANG_WARN_UNREACHABLE_CODE = YES;
				CLANG_WARN__DUPLICATE_METHOD_MATCH = YES;
				COPY_PHASE_STRIP = NO;
				DEBUG_INFORMATION_FORMAT = dwarf;
				ENABLE_STRICT_OBJC_MSGSEND = YES;
				ENABLE_TESTABILITY = YES;
				GCC_C_LANGUAGE_STANDARD = gnu11;
				GCC_DYNAMIC_NO_PIC = NO;
				GCC_NO_COMMON_BLOCKS = YES;
				GCC_OPTIMIZATION_LEVEL = 0;
				GCC_PREPROCESSOR_DEFINITIONS = (
					"DEBUG=1",
					"$(inherited)",
				);
				GCC_WARN_64_TO_32_BIT_CONVERSION = YES;
				GCC_WARN_ABOUT_RETURN_TYPE = YES_ERROR;
				GCC_WARN_UNDECLARED_SELECTOR = YES;
				GCC_WARN_UNINITIALIZED_AUTOS = YES_AGGRESSIVE;
				GCC_WARN_UNUSED_FUNCTION = YES;
				GCC_WARN_UNUSED_VARIABLE = YES;
				IPHONEOS_DEPLOYMENT_TARGET = 15.2;
				MTL_ENABLE_DEBUG_INFO = INCLUDE_SOURCE;
				MTL_FAST_MATH = YES;
				ONLY_ACTIVE_ARCH = YES;
				SDKROOT = iphoneos;
				SWIFT_ACTIVE_COMPILATION_CONDITIONS = DEBUG;
				SWIFT_OPTIMIZATION_LEVEL = "-Onone";
			};
			name = Debug;
		};
		C1825CB227ECB3FA00A72B95 /* Release */ = {
			isa = XCBuildConfiguration;
			buildSettings = {
				ALWAYS_SEARCH_USER_PATHS = NO;
				CLANG_ANALYZER_NONNULL = YES;
				CLANG_ANALYZER_NUMBER_OBJECT_CONVERSION = YES_AGGRESSIVE;
				CLANG_CXX_LANGUAGE_STANDARD = "gnu++17";
				CLANG_CXX_LIBRARY = "libc++";
				CLANG_ENABLE_MODULES = YES;
				CLANG_ENABLE_OBJC_ARC = YES;
				CLANG_ENABLE_OBJC_WEAK = YES;
				CLANG_WARN_BLOCK_CAPTURE_AUTORELEASING = YES;
				CLANG_WARN_BOOL_CONVERSION = YES;
				CLANG_WARN_COMMA = YES;
				CLANG_WARN_CONSTANT_CONVERSION = YES;
				CLANG_WARN_DEPRECATED_OBJC_IMPLEMENTATIONS = YES;
				CLANG_WARN_DIRECT_OBJC_ISA_USAGE = YES_ERROR;
				CLANG_WARN_DOCUMENTATION_COMMENTS = YES;
				CLANG_WARN_EMPTY_BODY = YES;
				CLANG_WARN_ENUM_CONVERSION = YES;
				CLANG_WARN_INFINITE_RECURSION = YES;
				CLANG_WARN_INT_CONVERSION = YES;
				CLANG_WARN_NON_LITERAL_NULL_CONVERSION = YES;
				CLANG_WARN_OBJC_IMPLICIT_RETAIN_SELF = YES;
				CLANG_WARN_OBJC_LITERAL_CONVERSION = YES;
				CLANG_WARN_OBJC_ROOT_CLASS = YES_ERROR;
				CLANG_WARN_QUOTED_INCLUDE_IN_FRAMEWORK_HEADER = YES;
				CLANG_WARN_RANGE_LOOP_ANALYSIS = YES;
				CLANG_WARN_STRICT_PROTOTYPES = YES;
				CLANG_WARN_SUSPICIOUS_MOVE = YES;
				CLANG_WARN_UNGUARDED_AVAILABILITY = YES_AGGRESSIVE;
				CLANG_WARN_UNREACHABLE_CODE = YES;
				CLANG_WARN__DUPLICATE_METHOD_MATCH = YES;
				COPY_PHASE_STRIP = NO;
				DEBUG_INFORMATION_FORMAT = "dwarf-with-dsym";
				ENABLE_NS_ASSERTIONS = NO;
				ENABLE_STRICT_OBJC_MSGSEND = YES;
				GCC_C_LANGUAGE_STANDARD = gnu11;
				GCC_NO_COMMON_BLOCKS = YES;
				GCC_WARN_64_TO_32_BIT_CONVERSION = YES;
				GCC_WARN_ABOUT_RETURN_TYPE = YES_ERROR;
				GCC_WARN_UNDECLARED_SELECTOR = YES;
				GCC_WARN_UNINITIALIZED_AUTOS = YES_AGGRESSIVE;
				GCC_WARN_UNUSED_FUNCTION = YES;
				GCC_WARN_UNUSED_VARIABLE = YES;
				IPHONEOS_DEPLOYMENT_TARGET = 15.2;
				MTL_ENABLE_DEBUG_INFO = NO;
				MTL_FAST_MATH = YES;
				SDKROOT = iphoneos;
				SWIFT_COMPILATION_MODE = wholemodule;
				SWIFT_OPTIMIZATION_LEVEL = "-O";
				VALIDATE_PRODUCT = YES;
			};
			name = Release;
		};
		C1825CB427ECB3FA00A72B95 /* Debug */ = {
			isa = XCBuildConfiguration;
			buildSettings = {
				ASSETCATALOG_COMPILER_APPICON_NAME = AppIcon;
				ASSETCATALOG_COMPILER_GLOBAL_ACCENT_COLOR_NAME = AccentColor;
				CODE_SIGN_STYLE = Automatic;
				CURRENT_PROJECT_VERSION = 1;
				DEVELOPMENT_ASSET_PATHS = "\"TimerForest/Preview Content\"";
				DEVELOPMENT_TEAM = 6BMQGC273S;
				ENABLE_PREVIEWS = YES;
				GENERATE_INFOPLIST_FILE = YES;
				INFOPLIST_FILE = TimerForest/Info.plist;
				INFOPLIST_KEY_UIApplicationSceneManifest_Generation = YES;
				INFOPLIST_KEY_UIApplicationSupportsIndirectInputEvents = YES;
				INFOPLIST_KEY_UISupportedInterfaceOrientations_iPad = "UIInterfaceOrientationPortrait UIInterfaceOrientationPortraitUpsideDown UIInterfaceOrientationLandscapeLeft UIInterfaceOrientationLandscapeRight";
				INFOPLIST_KEY_UISupportedInterfaceOrientations_iPhone = "UIInterfaceOrientationPortrait UIInterfaceOrientationLandscapeLeft UIInterfaceOrientationLandscapeRight";
				IPHONEOS_DEPLOYMENT_TARGET = 15.0;
				LD_RUNPATH_SEARCH_PATHS = (
					"$(inherited)",
					"@executable_path/Frameworks",
				);
				MARKETING_VERSION = 1.0;
				PRODUCT_BUNDLE_IDENTIFIER = myTeam.TimerForest;
				PRODUCT_NAME = "$(TARGET_NAME)";
				SWIFT_EMIT_LOC_STRINGS = YES;
				SWIFT_VERSION = 5.0;
				TARGETED_DEVICE_FAMILY = 1;
			};
			name = Debug;
		};
		C1825CB527ECB3FA00A72B95 /* Release */ = {
			isa = XCBuildConfiguration;
			buildSettings = {
				ASSETCATALOG_COMPILER_APPICON_NAME = AppIcon;
				ASSETCATALOG_COMPILER_GLOBAL_ACCENT_COLOR_NAME = AccentColor;
				CODE_SIGN_STYLE = Automatic;
				CURRENT_PROJECT_VERSION = 1;
				DEVELOPMENT_ASSET_PATHS = "\"TimerForest/Preview Content\"";
				DEVELOPMENT_TEAM = 6BMQGC273S;
				ENABLE_PREVIEWS = YES;
				GENERATE_INFOPLIST_FILE = YES;
				INFOPLIST_FILE = TimerForest/Info.plist;
				INFOPLIST_KEY_UIApplicationSceneManifest_Generation = YES;
				INFOPLIST_KEY_UIApplicationSupportsIndirectInputEvents = YES;
				INFOPLIST_KEY_UISupportedInterfaceOrientations_iPad = "UIInterfaceOrientationPortrait UIInterfaceOrientationPortraitUpsideDown UIInterfaceOrientationLandscapeLeft UIInterfaceOrientationLandscapeRight";
				INFOPLIST_KEY_UISupportedInterfaceOrientations_iPhone = "UIInterfaceOrientationPortrait UIInterfaceOrientationLandscapeLeft UIInterfaceOrientationLandscapeRight";
				IPHONEOS_DEPLOYMENT_TARGET = 15.0;
				LD_RUNPATH_SEARCH_PATHS = (
					"$(inherited)",
					"@executable_path/Frameworks",
				);
				MARKETING_VERSION = 1.0;
				PRODUCT_BUNDLE_IDENTIFIER = myTeam.TimerForest;
				PRODUCT_NAME = "$(TARGET_NAME)";
				SWIFT_EMIT_LOC_STRINGS = YES;
				SWIFT_VERSION = 5.0;
				TARGETED_DEVICE_FAMILY = 1;
			};
			name = Release;
		};
		C1825CB727ECB3FA00A72B95 /* Debug */ = {
			isa = XCBuildConfiguration;
			buildSettings = {
				ALWAYS_EMBED_SWIFT_STANDARD_LIBRARIES = YES;
				BUNDLE_LOADER = "$(TEST_HOST)";
				CODE_SIGN_STYLE = Automatic;
				CURRENT_PROJECT_VERSION = 1;
				DEVELOPMENT_TEAM = 6BMQGC273S;
				GENERATE_INFOPLIST_FILE = YES;
				IPHONEOS_DEPLOYMENT_TARGET = 15.2;
				MARKETING_VERSION = 1.0;
				PRODUCT_BUNDLE_IDENTIFIER = myTeam.TimerForestTests;
				PRODUCT_NAME = "$(TARGET_NAME)";
				SWIFT_EMIT_LOC_STRINGS = NO;
				SWIFT_VERSION = 5.0;
				TARGETED_DEVICE_FAMILY = "1,2";
				TEST_HOST = "$(BUILT_PRODUCTS_DIR)/TimerForest.app/TimerForest";
			};
			name = Debug;
		};
		C1825CB827ECB3FA00A72B95 /* Release */ = {
			isa = XCBuildConfiguration;
			buildSettings = {
				ALWAYS_EMBED_SWIFT_STANDARD_LIBRARIES = YES;
				BUNDLE_LOADER = "$(TEST_HOST)";
				CODE_SIGN_STYLE = Automatic;
				CURRENT_PROJECT_VERSION = 1;
				DEVELOPMENT_TEAM = 6BMQGC273S;
				GENERATE_INFOPLIST_FILE = YES;
				IPHONEOS_DEPLOYMENT_TARGET = 15.2;
				MARKETING_VERSION = 1.0;
				PRODUCT_BUNDLE_IDENTIFIER = myTeam.TimerForestTests;
				PRODUCT_NAME = "$(TARGET_NAME)";
				SWIFT_EMIT_LOC_STRINGS = NO;
				SWIFT_VERSION = 5.0;
				TARGETED_DEVICE_FAMILY = "1,2";
				TEST_HOST = "$(BUILT_PRODUCTS_DIR)/TimerForest.app/TimerForest";
			};
			name = Release;
		};
		C1825CBA27ECB3FA00A72B95 /* Debug */ = {
			isa = XCBuildConfiguration;
			buildSettings = {
				ALWAYS_EMBED_SWIFT_STANDARD_LIBRARIES = YES;
				CODE_SIGN_STYLE = Automatic;
				CURRENT_PROJECT_VERSION = 1;
				DEVELOPMENT_TEAM = 6BMQGC273S;
				GENERATE_INFOPLIST_FILE = YES;
				MARKETING_VERSION = 1.0;
				PRODUCT_BUNDLE_IDENTIFIER = myTeam.TimerForestUITests;
				PRODUCT_NAME = "$(TARGET_NAME)";
				SWIFT_EMIT_LOC_STRINGS = NO;
				SWIFT_VERSION = 5.0;
				TARGETED_DEVICE_FAMILY = "1,2";
				TEST_TARGET_NAME = TimerForest;
			};
			name = Debug;
		};
		C1825CBB27ECB3FA00A72B95 /* Release */ = {
			isa = XCBuildConfiguration;
			buildSettings = {
				ALWAYS_EMBED_SWIFT_STANDARD_LIBRARIES = YES;
				CODE_SIGN_STYLE = Automatic;
				CURRENT_PROJECT_VERSION = 1;
				DEVELOPMENT_TEAM = 6BMQGC273S;
				GENERATE_INFOPLIST_FILE = YES;
				MARKETING_VERSION = 1.0;
				PRODUCT_BUNDLE_IDENTIFIER = myTeam.TimerForestUITests;
				PRODUCT_NAME = "$(TARGET_NAME)";
				SWIFT_EMIT_LOC_STRINGS = NO;
				SWIFT_VERSION = 5.0;
				TARGETED_DEVICE_FAMILY = "1,2";
				TEST_TARGET_NAME = TimerForest;
			};
			name = Release;
		};
/* End XCBuildConfiguration section */

/* Begin XCConfigurationList section */
		C1825C8A27ECB3F800A72B95 /* Build configuration list for PBXProject "TimerForest" */ = {
			isa = XCConfigurationList;
			buildConfigurations = (
				C1825CB127ECB3FA00A72B95 /* Debug */,
				C1825CB227ECB3FA00A72B95 /* Release */,
			);
			defaultConfigurationIsVisible = 0;
			defaultConfigurationName = Release;
		};
		C1825CB327ECB3FA00A72B95 /* Build configuration list for PBXNativeTarget "TimerForest" */ = {
			isa = XCConfigurationList;
			buildConfigurations = (
				C1825CB427ECB3FA00A72B95 /* Debug */,
				C1825CB527ECB3FA00A72B95 /* Release */,
			);
			defaultConfigurationIsVisible = 0;
			defaultConfigurationName = Release;
		};
		C1825CB627ECB3FA00A72B95 /* Build configuration list for PBXNativeTarget "TimerForestTests" */ = {
			isa = XCConfigurationList;
			buildConfigurations = (
				C1825CB727ECB3FA00A72B95 /* Debug */,
				C1825CB827ECB3FA00A72B95 /* Release */,
			);
			defaultConfigurationIsVisible = 0;
			defaultConfigurationName = Release;
		};
		C1825CB927ECB3FA00A72B95 /* Build configuration list for PBXNativeTarget "TimerForestUITests" */ = {
			isa = XCConfigurationList;
			buildConfigurations = (
				C1825CBA27ECB3FA00A72B95 /* Debug */,
				C1825CBB27ECB3FA00A72B95 /* Release */,
			);
			defaultConfigurationIsVisible = 0;
			defaultConfigurationName = Release;
		};
/* End XCConfigurationList section */
	};
	rootObject = C1825C8727ECB3F800A72B95 /* Project object */;
}
